
Microsoft Visual Studio Solution File, Format Version 12.00
# Visual Studio Version 17
VisualStudioVersion = 17.9.34723.18
MinimumVisualStudioVersion = 10.0.40219.1
Project("{9A19103F-16F7-4668-BE54-9A1E7A4F7556}") = "01_ExceptionOne", "ExceptionOne\01_ExceptionOne.csproj", "{E74AFDF3-E6B8-408B-A611-4C023B47E150}"
EndProject
Project("{FAE04EC0-301F-11D3-BF4B-00C04F79EFBC}") = "ExceptionTwo", "ExceptionTwo\ExceptionTwo.csproj", "{0DD1A01D-9AE7-4024-BF59-16BE8D41B466}"
EndProject
Global
	GlobalSection(SolutionConfigurationPlatforms) = preSolution
		Debug|Any CPU = Debug|Any CPU
		Release|Any CPU = Release|Any CPU
	EndGlobalSection
	GlobalSection(ProjectConfigurationPlatforms) = postSolution
		{E74AFDF3-E6B8-408B-A611-4C023B47E150}.Debug|Any CPU.ActiveCfg = Debug|Any CPU
		{E74AFDF3-E6B8-408B-A611-4C023B47E150}.Debug|Any CPU.Build.0 = Debug|Any CPU
		{E74AFDF3-E6B8-408B-A611-4C023B47E150}.Release|Any CPU.ActiveCfg = Release|Any CPU
		{E74AFDF3-E6B8-408B-A611-4C023B47E150}.Release|Any CPU.Build.0 = Release|Any CPU
		{0DD1A01D-9AE7-4024-BF59-16BE8D41B466}.Debug|Any CPU.ActiveCfg = Debug|Any CPU
		{0DD1A01D-9AE7-4024-BF59-16BE8D41B466}.Debug|Any CPU.Build.0 = Debug|Any CPU
		{0DD1A01D-9AE7-4024-BF59-16BE8D41B466}.Release|Any CPU.ActiveCfg = Release|Any CPU
		{0DD1A01D-9AE7-4024-BF59-16BE8D41B466}.Release|Any CPU.Build.0 = Release|Any CPU
	EndGlobalSection
	GlobalSection(SolutionProperties) = preSolution
		HideSolutionNode = FALSE
	EndGlobalSection
	GlobalSection(ExtensibilityGlobals) = postSolution
		SolutionGuid = {B374D627-7A0E-4B8D-A22A-77369CBFE8A8}
	EndGlobalSection
EndGlobal
